
Microsoft Visual Studio Solution File, Format Version 12.00
# Visual Studio Version 17
VisualStudioVersion = 17.10.35013.160
MinimumVisualStudioVersion = 10.0.40219.1
Project("{FAE04EC0-301F-11D3-BF4B-00C04F79EFBC}") = "SportManagement.ConsoleUI", "SportManagement.ConsoleUI\SportManagement.ConsoleUI.csproj", "{8312D0D6-3501-43B6-9960-B69B90B67673}"
EndProject
Global
	GlobalSection(SolutionConfigurationPlatforms) = preSolution
		Debug|Any CPU = Debug|Any CPU
		Release|Any CPU = Release|Any CPU
	EndGlobalSection
	GlobalSection(ProjectConfigurationPlatforms) = postSolution
		{8312D0D6-3501-43B6-9960-B69B90B67673}.Debug|Any CPU.ActiveCfg = Debug|Any CPU
		{8312D0D6-3501-43B6-9960-B69B90B67673}.Debug|Any CPU.Build.0 = Debug|Any CPU
		{8312D0D6-3501-43B6-9960-B69B90B67673}.Release|Any CPU.ActiveCfg = Release|Any CPU
		{8312D0D6-3501-43B6-9960-B69B90B67673}.Release|Any CPU.Build.0 = Release|Any CPU
	EndGlobalSection
	GlobalSection(SolutionProperties) = preSolution
		HideSolutionNode = FALSE
	EndGlobalSection
	GlobalSection(ExtensibilityGlobals) = postSolution
		SolutionGuid = {4F41509A-265E-426B-9EEB-9DD19A19AA15}
	EndGlobalSection
EndGlobal
